
Microsoft Visual Studio Solution File, Format Version 12.00
# Visual Studio 15
VisualStudioVersion = 15.0.27130.2036
MinimumVisualStudioVersion = 10.0.40219.1
Project("{F184B08F-C81C-45F6-A57F-5ABD9991F28F}") = "SampleRegister", "SampleRegister\SampleRegister.vbproj", "{2FF50613-96DD-4831-A8A0-7570866B20E7}"
EndProject
Project("{00D1A9C2-B5F0-4AF3-8072-F6C62B433612}") = "OutsideSamplesDatabase", "OutsideSamplesDatabase\OutsideSamplesDatabase.sqlproj", "{AFE83F5D-8DBA-4A18-8AB8-6AC44D95D212}"
EndProject
Global
	GlobalSection(SolutionConfigurationPlatforms) = preSolution
		Debug|Any CPU = Debug|Any CPU
		Release|Any CPU = Release|Any CPU
	EndGlobalSection
	GlobalSection(ProjectConfigurationPlatforms) = postSolution
		{2FF50613-96DD-4831-A8A0-7570866B20E7}.Debug|Any CPU.ActiveCfg = Debug|Any CPU
		{2FF50613-96DD-4831-A8A0-7570866B20E7}.Debug|Any CPU.Build.0 = Debug|Any CPU
		{2FF50613-96DD-4831-A8A0-7570866B20E7}.Release|Any CPU.ActiveCfg = Release|Any CPU
		{2FF50613-96DD-4831-A8A0-7570866B20E7}.Release|Any CPU.Build.0 = Release|Any CPU
		{AFE83F5D-8DBA-4A18-8AB8-6AC44D95D212}.Debug|Any CPU.ActiveCfg = Debug|Any CPU
		{AFE83F5D-8DBA-4A18-8AB8-6AC44D95D212}.Debug|Any CPU.Build.0 = Debug|Any CPU
		{AFE83F5D-8DBA-4A18-8AB8-6AC44D95D212}.Debug|Any CPU.Deploy.0 = Debug|Any CPU
		{AFE83F5D-8DBA-4A18-8AB8-6AC44D95D212}.Release|Any CPU.ActiveCfg = Release|Any CPU
		{AFE83F5D-8DBA-4A18-8AB8-6AC44D95D212}.Release|Any CPU.Build.0 = Release|Any CPU
		{AFE83F5D-8DBA-4A18-8AB8-6AC44D95D212}.Release|Any CPU.Deploy.0 = Release|Any CPU
	EndGlobalSection
	GlobalSection(SolutionProperties) = preSolution
		HideSolutionNode = FALSE
	EndGlobalSection
	GlobalSection(ExtensibilityGlobals) = postSolution
		SolutionGuid = {1BC9F3C2-F520-4AD8-BDE1-EFF9A1F11D61}
	EndGlobalSection
EndGlobal
